
Microsoft Visual Studio Solution File, Format Version 12.00
# Visual Studio 15
VisualStudioVersion = 15.0.26228.4
MinimumVisualStudioVersion = 15.0.26124.0
Project("{FAE04EC0-301F-11D3-BF4B-00C04F79EFBC}") = "UNObot", "src\UNObot\UNObot.csproj", "{52A60847-0133-4716-B75C-044DF48A0DC7}"
EndProject
Project("{FAE04EC0-301F-11D3-BF4B-00C04F79EFBC}") = "UNObot.Core", "src\UNObot.Core\UNObot.Core.csproj", "{A9CB7C36-4CC2-4726-8259-F484A439B49F}"
EndProject
Project("{FAE04EC0-301F-11D3-BF4B-00C04F79EFBC}") = "UNObot.Plugins", "src\UNObot.Plugins\UNObot.Plugins.csproj", "{849C7A70-7B57-4093-B473-F34926704F62}"
EndProject
Project("{FAE04EC0-301F-11D3-BF4B-00C04F79EFBC}") = "UNObot.MusicBot", "src\UNObot.MusicBot\UNObot.MusicBot.csproj", "{F158856B-DC2D-47F3-AE67-71B0F8F49509}"
EndProject
Project("{FAE04EC0-301F-11D3-BF4B-00C04F79EFBC}") = "ConnectBot", "src\ConnectBot\ConnectBot.csproj", "{0E426CCB-4549-444B-950E-F3D2BD0E6646}"
EndProject
Project("{FAE04EC0-301F-11D3-BF4B-00C04F79EFBC}") = "DuplicateDetector", "src\DuplicateDetector\DuplicateDetector.csproj", "{D81B3736-3D20-4FDC-A6F7-4DE1173D0C73}"
EndProject
Project("{FAE04EC0-301F-11D3-BF4B-00C04F79EFBC}") = "UNObot.ServerQuery", "src\UNObot.ServerQuery\UNObot.ServerQuery.csproj", "{2FCE1BC3-49F6-4760-B803-5CCFAFB265CF}"
EndProject
Global
	GlobalSection(SolutionConfigurationPlatforms) = preSolution
		Debug|Any CPU = Debug|Any CPU
		Debug|x64 = Debug|x64
		Debug|x86 = Debug|x86
		Release|Any CPU = Release|Any CPU
		Release|x64 = Release|x64
		Release|x86 = Release|x86
	EndGlobalSection
	GlobalSection(ProjectConfigurationPlatforms) = postSolution
		{52A60847-0133-4716-B75C-044DF48A0DC7}.Debug|Any CPU.ActiveCfg = Debug|Any CPU
		{52A60847-0133-4716-B75C-044DF48A0DC7}.Debug|Any CPU.Build.0 = Debug|Any CPU
		{52A60847-0133-4716-B75C-044DF48A0DC7}.Debug|x64.ActiveCfg = Debug|Any CPU
		{52A60847-0133-4716-B75C-044DF48A0DC7}.Debug|x64.Build.0 = Debug|Any CPU
		{52A60847-0133-4716-B75C-044DF48A0DC7}.Debug|x86.ActiveCfg = Debug|Any CPU
		{52A60847-0133-4716-B75C-044DF48A0DC7}.Debug|x86.Build.0 = Debug|Any CPU
		{52A60847-0133-4716-B75C-044DF48A0DC7}.Release|Any CPU.ActiveCfg = Release|Any CPU
		{52A60847-0133-4716-B75C-044DF48A0DC7}.Release|Any CPU.Build.0 = Release|Any CPU
		{52A60847-0133-4716-B75C-044DF48A0DC7}.Release|x64.ActiveCfg = Release|Any CPU
		{52A60847-0133-4716-B75C-044DF48A0DC7}.Release|x64.Build.0 = Release|Any CPU
		{52A60847-0133-4716-B75C-044DF48A0DC7}.Release|x86.ActiveCfg = Release|Any CPU
		{52A60847-0133-4716-B75C-044DF48A0DC7}.Release|x86.Build.0 = Release|Any CPU
		{52A60847-0133-4716-B75C-044DF48A0DC8}.Debug|Any CPU.ActiveCfg = Debug|Any CPU
		{52A60847-0133-4716-B75C-044DF48A0DC8}.Debug|Any CPU.Build.0 = Debug|Any CPU
		{52A60847-0133-4716-B75C-044DF48A0DC9}.Debug|Any CPU.ActiveCfg = Debug|Any CPU
		{52A60847-0133-4716-B75C-044DF48A0DC9}.Debug|Any CPU.Build.0 = Debug|Any CPU
		{A9CB7C36-4CC2-4726-8259-F484A439B49F}.Debug|Any CPU.ActiveCfg = Debug|Any CPU
		{A9CB7C36-4CC2-4726-8259-F484A439B49F}.Debug|Any CPU.Build.0 = Debug|Any CPU
		{A9CB7C36-4CC2-4726-8259-F484A439B49F}.Debug|x64.ActiveCfg = Debug|Any CPU
		{A9CB7C36-4CC2-4726-8259-F484A439B49F}.Debug|x64.Build.0 = Debug|Any CPU
		{A9CB7C36-4CC2-4726-8259-F484A439B49F}.Debug|x86.ActiveCfg = Debug|Any CPU
		{A9CB7C36-4CC2-4726-8259-F484A439B49F}.Debug|x86.Build.0 = Debug|Any CPU
		{A9CB7C36-4CC2-4726-8259-F484A439B49F}.Release|Any CPU.ActiveCfg = Release|Any CPU
		{A9CB7C36-4CC2-4726-8259-F484A439B49F}.Release|Any CPU.Build.0 = Release|Any CPU
		{A9CB7C36-4CC2-4726-8259-F484A439B49F}.Release|x64.ActiveCfg = Release|Any CPU
		{A9CB7C36-4CC2-4726-8259-F484A439B49F}.Release|x64.Build.0 = Release|Any CPU
		{A9CB7C36-4CC2-4726-8259-F484A439B49F}.Release|x86.ActiveCfg = Release|Any CPU
		{A9CB7C36-4CC2-4726-8259-F484A439B49F}.Release|x86.Build.0 = Release|Any CPU
		{849C7A70-7B57-4093-B473-F34926704F62}.Debug|Any CPU.ActiveCfg = Debug|Any CPU
		{849C7A70-7B57-4093-B473-F34926704F62}.Debug|Any CPU.Build.0 = Debug|Any CPU
		{849C7A70-7B57-4093-B473-F34926704F62}.Debug|x64.ActiveCfg = Debug|Any CPU
		{849C7A70-7B57-4093-B473-F34926704F62}.Debug|x64.Build.0 = Debug|Any CPU
		{849C7A70-7B57-4093-B473-F34926704F62}.Debug|x86.ActiveCfg = Debug|Any CPU
		{849C7A70-7B57-4093-B473-F34926704F62}.Debug|x86.Build.0 = Debug|Any CPU
		{849C7A70-7B57-4093-B473-F34926704F62}.Release|Any CPU.ActiveCfg = Release|Any CPU
		{849C7A70-7B57-4093-B473-F34926704F62}.Release|Any CPU.Build.0 = Release|Any CPU
		{849C7A70-7B57-4093-B473-F34926704F62}.Release|x64.ActiveCfg = Release|Any CPU
		{849C7A70-7B57-4093-B473-F34926704F62}.Release|x64.Build.0 = Release|Any CPU
		{849C7A70-7B57-4093-B473-F34926704F62}.Release|x86.ActiveCfg = Release|Any CPU
		{849C7A70-7B57-4093-B473-F34926704F62}.Release|x86.Build.0 = Release|Any CPU
		{F158856B-DC2D-47F3-AE67-71B0F8F49509}.Debug|Any CPU.ActiveCfg = Debug|Any CPU
		{F158856B-DC2D-47F3-AE67-71B0F8F49509}.Debug|Any CPU.Build.0 = Debug|Any CPU
		{F158856B-DC2D-47F3-AE67-71B0F8F49509}.Debug|x64.ActiveCfg = Debug|Any CPU
		{F158856B-DC2D-47F3-AE67-71B0F8F49509}.Debug|x64.Build.0 = Debug|Any CPU
		{F158856B-DC2D-47F3-AE67-71B0F8F49509}.Debug|x86.ActiveCfg = Debug|Any CPU
		{F158856B-DC2D-47F3-AE67-71B0F8F49509}.Debug|x86.Build.0 = Debug|Any CPU
		{F158856B-DC2D-47F3-AE67-71B0F8F49509}.Release|Any CPU.ActiveCfg = Release|Any CPU
		{F158856B-DC2D-47F3-AE67-71B0F8F49509}.Release|Any CPU.Build.0 = Release|Any CPU
		{F158856B-DC2D-47F3-AE67-71B0F8F49509}.Release|x64.ActiveCfg = Release|Any CPU
		{F158856B-DC2D-47F3-AE67-71B0F8F49509}.Release|x64.Build.0 = Release|Any CPU
		{F158856B-DC2D-47F3-AE67-71B0F8F49509}.Release|x86.ActiveCfg = Release|Any CPU
		{F158856B-DC2D-47F3-AE67-71B0F8F49509}.Release|x86.Build.0 = Release|Any CPU
		{0E426CCB-4549-444B-950E-F3D2BD0E6646}.Debug|Any CPU.ActiveCfg = Debug|Any CPU
		{0E426CCB-4549-444B-950E-F3D2BD0E6646}.Debug|Any CPU.Build.0 = Debug|Any CPU
		{0E426CCB-4549-444B-950E-F3D2BD0E6646}.Debug|x64.ActiveCfg = Debug|Any CPU
		{0E426CCB-4549-444B-950E-F3D2BD0E6646}.Debug|x64.Build.0 = Debug|Any CPU
		{0E426CCB-4549-444B-950E-F3D2BD0E6646}.Debug|x86.ActiveCfg = Debug|Any CPU
		{0E426CCB-4549-444B-950E-F3D2BD0E6646}.Debug|x86.Build.0 = Debug|Any CPU
		{0E426CCB-4549-444B-950E-F3D2BD0E6646}.Release|Any CPU.ActiveCfg = Release|Any CPU
		{0E426CCB-4549-444B-950E-F3D2BD0E6646}.Release|Any CPU.Build.0 = Release|Any CPU
		{0E426CCB-4549-444B-950E-F3D2BD0E6646}.Release|x64.ActiveCfg = Release|Any CPU
		{0E426CCB-4549-444B-950E-F3D2BD0E6646}.Release|x64.Build.0 = Release|Any CPU
		{0E426CCB-4549-444B-950E-F3D2BD0E6646}.Release|x86.ActiveCfg = Release|Any CPU
		{0E426CCB-4549-444B-950E-F3D2BD0E6646}.Release|x86.Build.0 = Release|Any CPU
		{D81B3736-3D20-4FDC-A6F7-4DE1173D0C73}.Debug|Any CPU.ActiveCfg = Debug|Any CPU
		{D81B3736-3D20-4FDC-A6F7-4DE1173D0C73}.Debug|Any CPU.Build.0 = Debug|Any CPU
		{D81B3736-3D20-4FDC-A6F7-4DE1173D0C73}.Debug|x64.ActiveCfg = Debug|Any CPU
		{D81B3736-3D20-4FDC-A6F7-4DE1173D0C73}.Debug|x64.Build.0 = Debug|Any CPU
		{D81B3736-3D20-4FDC-A6F7-4DE1173D0C73}.Debug|x86.ActiveCfg = Debug|Any CPU
		{D81B3736-3D20-4FDC-A6F7-4DE1173D0C73}.Debug|x86.Build.0 = Debug|Any CPU
		{D81B3736-3D20-4FDC-A6F7-4DE1173D0C73}.Release|Any CPU.ActiveCfg = Release|Any CPU
		{D81B3736-3D20-4FDC-A6F7-4DE1173D0C73}.Release|Any CPU.Build.0 = Release|Any CPU
		{D81B3736-3D20-4FDC-A6F7-4DE1173D0C73}.Release|x64.ActiveCfg = Release|Any CPU
		{D81B3736-3D20-4FDC-A6F7-4DE1173D0C73}.Release|x64.Build.0 = Release|Any CPU
		{D81B3736-3D20-4FDC-A6F7-4DE1173D0C73}.Release|x86.ActiveCfg = Release|Any CPU
		{D81B3736-3D20-4FDC-A6F7-4DE1173D0C73}.Release|x86.Build.0 = Release|Any CPU
		{2FCE1BC3-49F6-4760-B803-5CCFAFB265CF}.Debug|Any CPU.ActiveCfg = Debug|Any CPU
		{2FCE1BC3-49F6-4760-B803-5CCFAFB265CF}.Debug|Any CPU.Build.0 = Debug|Any CPU
		{2FCE1BC3-49F6-4760-B803-5CCFAFB265CF}.Debug|x64.ActiveCfg = Debug|Any CPU
		{2FCE1BC3-49F6-4760-B803-5CCFAFB265CF}.Debug|x64.Build.0 = Debug|Any CPU
		{2FCE1BC3-49F6-4760-B803-5CCFAFB265CF}.Debug|x86.ActiveCfg = Debug|Any CPU
		{2FCE1BC3-49F6-4760-B803-5CCFAFB265CF}.Debug|x86.Build.0 = Debug|Any CPU
		{2FCE1BC3-49F6-4760-B803-5CCFAFB265CF}.Release|Any CPU.ActiveCfg = Release|Any CPU
		{2FCE1BC3-49F6-4760-B803-5CCFAFB265CF}.Release|Any CPU.Build.0 = Release|Any CPU
		{2FCE1BC3-49F6-4760-B803-5CCFAFB265CF}.Release|x64.ActiveCfg = Release|Any CPU
		{2FCE1BC3-49F6-4760-B803-5CCFAFB265CF}.Release|x64.Build.0 = Release|Any CPU
		{2FCE1BC3-49F6-4760-B803-5CCFAFB265CF}.Release|x86.ActiveCfg = Release|Any CPU
		{2FCE1BC3-49F6-4760-B803-5CCFAFB265CF}.Release|x86.Build.0 = Release|Any CPU
	EndGlobalSection
	GlobalSection(SolutionProperties) = preSolution
		HideSolutionNode = FALSE
	EndGlobalSection
	GlobalSection(MonoDevelopProperties) = preSolution
		Policies = $0
		$0.DotNetNamingPolicy = $1
		$1.DirectoryNamespaceAssociation = PrefixedHierarchical
		$0.StandardHeader = $2
		$0.VersionControlPolicy = $3
	EndGlobalSection
EndGlobal
